
Microsoft Visual Studio Solution File, Format Version 12.00
Project("{FAE04EC0-301F-11D3-BF4B-00C04F79EFBC}") = "ReactViewEngine", "ReactViewEngine.csproj", "{D3B24FAB-1F88-428E-93C7-3DB0DE4E9030}"
EndProject
Global
	GlobalSection(SolutionConfigurationPlatforms) = preSolution
		Debug|Any CPU = Debug|Any CPU
		Release|Any CPU = Release|Any CPU
	EndGlobalSection
	GlobalSection(ProjectConfigurationPlatforms) = postSolution
		{D3B24FAB-1F88-428E-93C7-3DB0DE4E9030}.Debug|Any CPU.ActiveCfg = Debug|Any CPU
		{D3B24FAB-1F88-428E-93C7-3DB0DE4E9030}.Debug|Any CPU.Build.0 = Debug|Any CPU
		{D3B24FAB-1F88-428E-93C7-3DB0DE4E9030}.Release|Any CPU.ActiveCfg = Release|Any CPU
		{D3B24FAB-1F88-428E-93C7-3DB0DE4E9030}.Release|Any CPU.Build.0 = Release|Any CPU
	EndGlobalSection
EndGlobal
